{
    "requires": true,
    "lockfileVersion": 1,
    "dependencies": {
        "domq.js": {
            "version": "0.6.5",
            "resolved": "https://registry.npmjs.org/domq.js/-/domq.js-0.6.5.tgz",
            "integrity": "sha512-OYu2GkXlxgUEZ5ECn7S7SqDmeoK2XKtAMGH+v0GiN/89VhavT9yo5fewXbfcb/oNmybYCMmABYfViy0J66X6qg=="
        },
        "photoviewer": {
            "version": "3.5.4",
            "resolved": "https://registry.npmjs.org/photoviewer/-/photoviewer-3.5.4.tgz",
            "integrity": "sha512-KqxDheYJr7HHJUcycsYitpjo8iWLUcYCIVKx/wUa/+8w30/4inyWpmi3pdLSwzPHH/2XMs1tPzmWz7dp+DwmtA==",
            "requires": {
                "domq.js": "^0.6.5"
            }
        }
    }
}
